
Microsoft Visual Studio Solution File, Format Version 10.00
# Visual Studio 2008
Project("{FAE04EC0-301F-11D3-BF4B-00C04F79EFBC}") = "QuickDotNetCheck", "QuickDotNetCheck\QuickDotNetCheck.csproj", "{6406F939-2069-43AF-87D0-CC67A9E60948}"
EndProject
Project("{FAE04EC0-301F-11D3-BF4B-00C04F79EFBC}") = "QuickDotNetCheck.Examples", "QuickDotNetCheck.Examples\QuickDotNetCheck.Examples.csproj", "{C24450AE-CF69-42D5-A2C6-DBC211C0DF3D}"
EndProject
Project("{FAE04EC0-301F-11D3-BF4B-00C04F79EFBC}") = "QuickDotNetCheck.Tests", "QuickDotNetCheck.Tests\QuickDotNetCheck.Tests.csproj", "{985864CD-44A3-416D-A97F-46AF3062FD43}"
EndProject
Project("{2150E333-8FDC-42A3-9474-1A3956D46DE8}") = "Solution Items", "Solution Items", "{956A91CA-B21E-41BD-8E7F-564617FC9A16}"
	ProjectSection(SolutionItems) = preProject
		Build.xml = Build.xml
	EndProjectSection
EndProject
Project("{FAE04EC0-301F-11D3-BF4B-00C04F79EFBC}") = "QuickDotNetCheck.ElaborateExample", "QuickDotNetCheck.ElaborateExample\QuickDotNetCheck.ElaborateExample.csproj", "{E45E6E54-D817-4624-A9F6-2A3FDC6F493D}"
EndProject
Global
	GlobalSection(SolutionConfigurationPlatforms) = preSolution
		Debug|Any CPU = Debug|Any CPU
		Release|Any CPU = Release|Any CPU
	EndGlobalSection
	GlobalSection(ProjectConfigurationPlatforms) = postSolution
		{6406F939-2069-43AF-87D0-CC67A9E60948}.Debug|Any CPU.ActiveCfg = Debug|Any CPU
		{6406F939-2069-43AF-87D0-CC67A9E60948}.Debug|Any CPU.Build.0 = Debug|Any CPU
		{6406F939-2069-43AF-87D0-CC67A9E60948}.Release|Any CPU.ActiveCfg = Release|Any CPU
		{6406F939-2069-43AF-87D0-CC67A9E60948}.Release|Any CPU.Build.0 = Release|Any CPU
		{C24450AE-CF69-42D5-A2C6-DBC211C0DF3D}.Debug|Any CPU.ActiveCfg = Debug|Any CPU
		{C24450AE-CF69-42D5-A2C6-DBC211C0DF3D}.Debug|Any CPU.Build.0 = Debug|Any CPU
		{C24450AE-CF69-42D5-A2C6-DBC211C0DF3D}.Release|Any CPU.ActiveCfg = Release|Any CPU
		{C24450AE-CF69-42D5-A2C6-DBC211C0DF3D}.Release|Any CPU.Build.0 = Release|Any CPU
		{985864CD-44A3-416D-A97F-46AF3062FD43}.Debug|Any CPU.ActiveCfg = Debug|Any CPU
		{985864CD-44A3-416D-A97F-46AF3062FD43}.Debug|Any CPU.Build.0 = Debug|Any CPU
		{985864CD-44A3-416D-A97F-46AF3062FD43}.Release|Any CPU.ActiveCfg = Release|Any CPU
		{985864CD-44A3-416D-A97F-46AF3062FD43}.Release|Any CPU.Build.0 = Release|Any CPU
		{E45E6E54-D817-4624-A9F6-2A3FDC6F493D}.Debug|Any CPU.ActiveCfg = Debug|Any CPU
		{E45E6E54-D817-4624-A9F6-2A3FDC6F493D}.Debug|Any CPU.Build.0 = Debug|Any CPU
		{E45E6E54-D817-4624-A9F6-2A3FDC6F493D}.Release|Any CPU.ActiveCfg = Release|Any CPU
		{E45E6E54-D817-4624-A9F6-2A3FDC6F493D}.Release|Any CPU.Build.0 = Release|Any CPU
	EndGlobalSection
	GlobalSection(SolutionProperties) = preSolution
		HideSolutionNode = FALSE
	EndGlobalSection
EndGlobal
